
Microsoft Visual Studio Solution File, Format Version 12.00
# Visual Studio Version 17
VisualStudioVersion = 17.12.35506.116 d17.12
MinimumVisualStudioVersion = 10.0.40219.1
Project("{8BC9CEB8-8B4A-11D0-8D11-00A0C91BC942}") = "Editor_Window", "Editor_Window\Editor_Window.vcxproj", "{EF22BFC3-51E5-4C90-B0FD-92B9DAC1AD35}"
EndProject
Project("{8BC9CEB8-8B4A-11D0-8D11-00A0C91BC942}") = "HyoJinEngine_Window", "HyoJinEngine_Window\HyoJinEngine_Window.vcxproj", "{70510612-434B-4F5C-9D1D-02259412E746}"
EndProject
Project("{8BC9CEB8-8B4A-11D0-8D11-00A0C91BC942}") = "HyoJinEngine_SOURCE", "HyoJinEngine_SOURCE\HyoJinEngine_SOURCE.vcxitems", "{4C2BC82D-070E-41CD-B7DD-2711ECCDED45}"
EndProject
Global
	GlobalSection(SolutionConfigurationPlatforms) = preSolution
		Debug|x64 = Debug|x64
		Debug|x86 = Debug|x86
		Release|x64 = Release|x64
		Release|x86 = Release|x86
	EndGlobalSection
	GlobalSection(ProjectConfigurationPlatforms) = postSolution
		{EF22BFC3-51E5-4C90-B0FD-92B9DAC1AD35}.Debug|x64.ActiveCfg = Debug|x64
		{EF22BFC3-51E5-4C90-B0FD-92B9DAC1AD35}.Debug|x64.Build.0 = Debug|x64
		{EF22BFC3-51E5-4C90-B0FD-92B9DAC1AD35}.Debug|x86.ActiveCfg = Debug|Win32
		{EF22BFC3-51E5-4C90-B0FD-92B9DAC1AD35}.Debug|x86.Build.0 = Debug|Win32
		{EF22BFC3-51E5-4C90-B0FD-92B9DAC1AD35}.Release|x64.ActiveCfg = Release|x64
		{EF22BFC3-51E5-4C90-B0FD-92B9DAC1AD35}.Release|x64.Build.0 = Release|x64
		{EF22BFC3-51E5-4C90-B0FD-92B9DAC1AD35}.Release|x86.ActiveCfg = Release|Win32
		{EF22BFC3-51E5-4C90-B0FD-92B9DAC1AD35}.Release|x86.Build.0 = Release|Win32
		{70510612-434B-4F5C-9D1D-02259412E746}.Debug|x64.ActiveCfg = Debug|x64
		{70510612-434B-4F5C-9D1D-02259412E746}.Debug|x64.Build.0 = Debug|x64
		{70510612-434B-4F5C-9D1D-02259412E746}.Debug|x86.ActiveCfg = Debug|Win32
		{70510612-434B-4F5C-9D1D-02259412E746}.Debug|x86.Build.0 = Debug|Win32
		{70510612-434B-4F5C-9D1D-02259412E746}.Release|x64.ActiveCfg = Release|x64
		{70510612-434B-4F5C-9D1D-02259412E746}.Release|x64.Build.0 = Release|x64
		{70510612-434B-4F5C-9D1D-02259412E746}.Release|x86.ActiveCfg = Release|Win32
		{70510612-434B-4F5C-9D1D-02259412E746}.Release|x86.Build.0 = Release|Win32
	EndGlobalSection
	GlobalSection(SolutionProperties) = preSolution
		HideSolutionNode = FALSE
	EndGlobalSection
	GlobalSection(SharedMSBuildProjectFiles) = preSolution
		HyoJinEngine_SOURCE\HyoJinEngine_SOURCE.vcxitems*{4c2bc82d-070e-41cd-b7dd-2711eccded45}*SharedItemsImports = 9
		HyoJinEngine_SOURCE\HyoJinEngine_SOURCE.vcxitems*{70510612-434b-4f5c-9d1d-02259412e746}*SharedItemsImports = 4
	EndGlobalSection
EndGlobal
